
Microsoft Visual Studio Solution File, Format Version 12.00
# Visual Studio Version 17
VisualStudioVersion = 17.11.35208.52
MinimumVisualStudioVersion = 10.0.40219.1
Project("{FAE04EC0-301F-11D3-BF4B-00C04F79EFBC}") = "tarea2.1", "tarea2.1\tarea2.1.csproj", "{56ABA9D8-3D48-4C85-BB07-7C85D4A698FD}"
EndProject
Global
	GlobalSection(SolutionConfigurationPlatforms) = preSolution
		Debug|Any CPU = Debug|Any CPU
		Release|Any CPU = Release|Any CPU
	EndGlobalSection
	GlobalSection(ProjectConfigurationPlatforms) = postSolution
		{56ABA9D8-3D48-4C85-BB07-7C85D4A698FD}.Debug|Any CPU.ActiveCfg = Debug|Any CPU
		{56ABA9D8-3D48-4C85-BB07-7C85D4A698FD}.Debug|Any CPU.Build.0 = Debug|Any CPU
		{56ABA9D8-3D48-4C85-BB07-7C85D4A698FD}.Release|Any CPU.ActiveCfg = Release|Any CPU
		{56ABA9D8-3D48-4C85-BB07-7C85D4A698FD}.Release|Any CPU.Build.0 = Release|Any CPU
	EndGlobalSection
	GlobalSection(SolutionProperties) = preSolution
		HideSolutionNode = FALSE
	EndGlobalSection
	GlobalSection(ExtensibilityGlobals) = postSolution
		SolutionGuid = {82A7EC44-87B7-442D-9E19-E04DC18BFF71}
	EndGlobalSection
EndGlobal
